// !$*UTF8*$!
{
	archiveVersion = 1;
	classes = {
	};
	objectVersion = 56;
	objects = {

/* Begin PBXBuildFile section */
		4D73794228F7E1AF00DBDE7F /* AppDelegate.swift in Sources */ = {isa = PBXBuildFile; fileRef = 4D73794128F7E1AF00DBDE7F /* AppDelegate.swift */; };
		4D73794428F7E1AF00DBDE7F /* SceneDelegate.swift in Sources */ = {isa = PBXBuildFile; fileRef = 4D73794328F7E1AF00DBDE7F /* SceneDelegate.swift */; };
		4D73794928F7E1AF00DBDE7F /* Main.storyboard in Resources */ = {isa = PBXBuildFile; fileRef = 4D73794728F7E1AF00DBDE7F /* Main.storyboard */; };
		4D73794B28F7E1B000DBDE7F /* Assets.xcassets in Resources */ = {isa = PBXBuildFile; fileRef = 4D73794A28F7E1B000DBDE7F /* Assets.xcassets */; };
		4D73794E28F7E1B000DBDE7F /* LaunchScreen.storyboard in Resources */ = {isa = PBXBuildFile; fileRef = 4D73794C28F7E1B000DBDE7F /* LaunchScreen.storyboard */; };
		4D73797228F7E21800DBDE7F /* CurrencyConverterViewController.swift in Sources */ = {isa = PBXBuildFile; fileRef = 4D73797128F7E21800DBDE7F /* CurrencyConverterViewController.swift */; };
		4D73797428F80D6000DBDE7F /* UIViewController+NavigationBarCustomization.swift in Sources */ = {isa = PBXBuildFile; fileRef = 4D73797328F80D6000DBDE7F /* UIViewController+NavigationBarCustomization.swift */; };
		4D73797728F829C800DBDE7F /* ButtonCell.swift in Sources */ = {isa = PBXBuildFile; fileRef = 4D73797628F829C800DBDE7F /* ButtonCell.swift */; };
		4D73797928F82BB100DBDE7F /* BalancesCell.swift in Sources */ = {isa = PBXBuildFile; fileRef = 4D73797828F82BB100DBDE7F /* BalancesCell.swift */; };
		4D73799528F9883800DBDE7F /* CurrencyBalanceCell.swift in Sources */ = {isa = PBXBuildFile; fileRef = 4D73799428F9883800DBDE7F /* CurrencyBalanceCell.swift */; };
		4DE606EC28FA33FC00D2F29D /* ReusableView.swift in Sources */ = {isa = PBXBuildFile; fileRef = 4DE606EB28FA33FC00D2F29D /* ReusableView.swift */; };
		4DE606F028FA49D200D2F29D /* UserAccountTests.swift in Sources */ = {isa = PBXBuildFile; fileRef = 4DE606EF28FA49D200D2F29D /* UserAccountTests.swift */; };
		4DE606F328FA4C6700D2F29D /* UserAccount.swift in Sources */ = {isa = PBXBuildFile; fileRef = 4DE606F228FA4C6700D2F29D /* UserAccount.swift */; };
		4DE606F528FA4C9000D2F29D /* Currency.swift in Sources */ = {isa = PBXBuildFile; fileRef = 4DE606F428FA4C9000D2F29D /* Currency.swift */; };
		4DE606F928FA64AB00D2F29D /* CurrencyConverterViewModelTests.swift in Sources */ = {isa = PBXBuildFile; fileRef = 4DE606F828FA64AB00D2F29D /* CurrencyConverterViewModelTests.swift */; };
		4DE606FB28FA657900D2F29D /* CurrencyConverterViewModel.swift in Sources */ = {isa = PBXBuildFile; fileRef = 4DE606FA28FA657900D2F29D /* CurrencyConverterViewModel.swift */; };
		4DE606FF28FA77D500D2F29D /* CurrencyConverterViewControllerTests.swift in Sources */ = {isa = PBXBuildFile; fileRef = 4DE606FE28FA77D500D2F29D /* CurrencyConverterViewControllerTests.swift */; };
		4DE6070128FA78AD00D2F29D /* Storyboardable.swift in Sources */ = {isa = PBXBuildFile; fileRef = 4DE6070028FA78AD00D2F29D /* Storyboardable.swift */; };
/* End PBXBuildFile section */

/* Begin PBXContainerItemProxy section */
		4D73795528F7E1B000DBDE7F /* PBXContainerItemProxy */ = {
			isa = PBXContainerItemProxy;
			containerPortal = 4D73793628F7E1AF00DBDE7F /* Project object */;
			proxyType = 1;
			remoteGlobalIDString = 4D73793D28F7E1AF00DBDE7F;
			remoteInfo = "Currency Exchange";
		};
/* End PBXContainerItemProxy section */

/* Begin PBXFileReference section */
		4D73793E28F7E1AF00DBDE7F /* Currency Exchange.app */ = {isa = PBXFileReference; explicitFileType = wrapper.application; includeInIndex = 0; path = "Currency Exchange.app"; sourceTree = BUILT_PRODUCTS_DIR; };
		4D73794128F7E1AF00DBDE7F /* AppDelegate.swift */ = {isa = PBXFileReference; lastKnownFileType = sourcecode.swift; path = AppDelegate.swift; sourceTree = "<group>"; };
		4D73794328F7E1AF00DBDE7F /* SceneDelegate.swift */ = {isa = PBXFileReference; lastKnownFileType = sourcecode.swift; path = SceneDelegate.swift; sourceTree = "<group>"; };
		4D73794828F7E1AF00DBDE7F /* Base */ = {isa = PBXFileReference; lastKnownFileType = file.storyboard; name = Base; path = Base.lproj/Main.storyboard; sourceTree = "<group>"; };
		4D73794A28F7E1B000DBDE7F /* Assets.xcassets */ = {isa = PBXFileReference; lastKnownFileType = folder.assetcatalog; path = Assets.xcassets; sourceTree = "<group>"; };
		4D73794D28F7E1B000DBDE7F /* Base */ = {isa = PBXFileReference; lastKnownFileType = file.storyboard; name = Base; path = Base.lproj/LaunchScreen.storyboard; sourceTree = "<group>"; };
		4D73794F28F7E1B000DBDE7F /* Info.plist */ = {isa = PBXFileReference; lastKnownFileType = text.plist.xml; path = Info.plist; sourceTree = "<group>"; };
		4D73795428F7E1B000DBDE7F /* Currency ExchangeTests.xctest */ = {isa = PBXFileReference; explicitFileType = wrapper.cfbundle; includeInIndex = 0; path = "Currency ExchangeTests.xctest"; sourceTree = BUILT_PRODUCTS_DIR; };
		4D73797128F7E21800DBDE7F /* CurrencyConverterViewController.swift */ = {isa = PBXFileReference; lastKnownFileType = sourcecode.swift; path = CurrencyConverterViewController.swift; sourceTree = "<group>"; };
		4D73797328F80D6000DBDE7F /* UIViewController+NavigationBarCustomization.swift */ = {isa = PBXFileReference; lastKnownFileType = sourcecode.swift; path = "UIViewController+NavigationBarCustomization.swift"; sourceTree = "<group>"; };
		4D73797628F829C800DBDE7F /* ButtonCell.swift */ = {isa = PBXFileReference; lastKnownFileType = sourcecode.swift; path = ButtonCell.swift; sourceTree = "<group>"; };
		4D73797828F82BB100DBDE7F /* BalancesCell.swift */ = {isa = PBXFileReference; lastKnownFileType = sourcecode.swift; path = BalancesCell.swift; sourceTree = "<group>"; };
		4D73799428F9883800DBDE7F /* CurrencyBalanceCell.swift */ = {isa = PBXFileReference; lastKnownFileType = sourcecode.swift; path = CurrencyBalanceCell.swift; sourceTree = "<group>"; };
		4DE606EB28FA33FC00D2F29D /* ReusableView.swift */ = {isa = PBXFileReference; lastKnownFileType = sourcecode.swift; path = ReusableView.swift; sourceTree = "<group>"; };
		4DE606EF28FA49D200D2F29D /* UserAccountTests.swift */ = {isa = PBXFileReference; lastKnownFileType = sourcecode.swift; path = UserAccountTests.swift; sourceTree = "<group>"; };
		4DE606F228FA4C6700D2F29D /* UserAccount.swift */ = {isa = PBXFileReference; lastKnownFileType = sourcecode.swift; path = UserAccount.swift; sourceTree = "<group>"; };
		4DE606F428FA4C9000D2F29D /* Currency.swift */ = {isa = PBXFileReference; lastKnownFileType = sourcecode.swift; path = Currency.swift; sourceTree = "<group>"; };
		4DE606F828FA64AB00D2F29D /* CurrencyConverterViewModelTests.swift */ = {isa = PBXFileReference; lastKnownFileType = sourcecode.swift; path = CurrencyConverterViewModelTests.swift; sourceTree = "<group>"; };
		4DE606FA28FA657900D2F29D /* CurrencyConverterViewModel.swift */ = {isa = PBXFileReference; lastKnownFileType = sourcecode.swift; path = CurrencyConverterViewModel.swift; sourceTree = "<group>"; };
		4DE606FE28FA77D500D2F29D /* CurrencyConverterViewControllerTests.swift */ = {isa = PBXFileReference; lastKnownFileType = sourcecode.swift; path = CurrencyConverterViewControllerTests.swift; sourceTree = "<group>"; };
		4DE6070028FA78AD00D2F29D /* Storyboardable.swift */ = {isa = PBXFileReference; lastKnownFileType = sourcecode.swift; path = Storyboardable.swift; sourceTree = "<group>"; };
/* End PBXFileReference section */

/* Begin PBXFrameworksBuildPhase section */
		4D73793B28F7E1AF00DBDE7F /* Frameworks */ = {
			isa = PBXFrameworksBuildPhase;
			buildActionMask = 2147483647;
			files = (
			);
			runOnlyForDeploymentPostprocessing = 0;
		};
		4D73795128F7E1B000DBDE7F /* Frameworks */ = {
			isa = PBXFrameworksBuildPhase;
			buildActionMask = 2147483647;
			files = (
			);
			runOnlyForDeploymentPostprocessing = 0;
		};
/* End PBXFrameworksBuildPhase section */

/* Begin PBXGroup section */
		4D73793528F7E1AF00DBDE7F = {
			isa = PBXGroup;
			children = (
				4D73794028F7E1AF00DBDE7F /* Currency Exchange */,
				4D73795728F7E1B000DBDE7F /* Currency ExchangeTests */,
				4D73793F28F7E1AF00DBDE7F /* Products */,
			);
			sourceTree = "<group>";
		};
		4D73793F28F7E1AF00DBDE7F /* Products */ = {
			isa = PBXGroup;
			children = (
				4D73793E28F7E1AF00DBDE7F /* Currency Exchange.app */,
				4D73795428F7E1B000DBDE7F /* Currency ExchangeTests.xctest */,
			);
			name = Products;
			sourceTree = "<group>";
		};
		4D73794028F7E1AF00DBDE7F /* Currency Exchange */ = {
			isa = PBXGroup;
			children = (
				4DE606F128FA4C5700D2F29D /* User Account */,
				4DE606EE28FA440500D2F29D /* App */,
				4DE606ED28FA43EB00D2F29D /* Currency Converter */,
				4DE606EA28FA33EA00D2F29D /* Helpers */,
				4D73794F28F7E1B000DBDE7F /* Info.plist */,
			);
			path = "Currency Exchange";
			sourceTree = "<group>";
		};
		4D73795728F7E1B000DBDE7F /* Currency ExchangeTests */ = {
			isa = PBXGroup;
			children = (
				4DE606FC28FA777400D2F29D /* User Account */,
				4DE606FD28FA778700D2F29D /* Currency Converter */,
			);
			path = "Currency ExchangeTests";
			sourceTree = "<group>";
		};
		4D73797528F829B000DBDE7F /* Cells */ = {
			isa = PBXGroup;
			children = (
				4D73797628F829C800DBDE7F /* ButtonCell.swift */,
				4D73797828F82BB100DBDE7F /* BalancesCell.swift */,
				4D73799428F9883800DBDE7F /* CurrencyBalanceCell.swift */,
			);
			path = Cells;
			sourceTree = "<group>";
		};
		4DE606EA28FA33EA00D2F29D /* Helpers */ = {
			isa = PBXGroup;
			children = (
				4DE606EB28FA33FC00D2F29D /* ReusableView.swift */,
				4DE6070028FA78AD00D2F29D /* Storyboardable.swift */,
				4D73797328F80D6000DBDE7F /* UIViewController+NavigationBarCustomization.swift */,
			);
			path = Helpers;
			sourceTree = "<group>";
		};
		4DE606ED28FA43EB00D2F29D /* Currency Converter */ = {
			isa = PBXGroup;
			children = (
				4D73797528F829B000DBDE7F /* Cells */,
				4D73797128F7E21800DBDE7F /* CurrencyConverterViewController.swift */,
				4DE606FA28FA657900D2F29D /* CurrencyConverterViewModel.swift */,
			);
			path = "Currency Converter";
			sourceTree = "<group>";
		};
		4DE606EE28FA440500D2F29D /* App */ = {
			isa = PBXGroup;
			children = (
				4D73794128F7E1AF00DBDE7F /* AppDelegate.swift */,
				4D73794328F7E1AF00DBDE7F /* SceneDelegate.swift */,
				4D73794728F7E1AF00DBDE7F /* Main.storyboard */,
				4D73794A28F7E1B000DBDE7F /* Assets.xcassets */,
				4D73794C28F7E1B000DBDE7F /* LaunchScreen.storyboard */,
			);
			path = App;
			sourceTree = "<group>";
		};
		4DE606F128FA4C5700D2F29D /* User Account */ = {
			isa = PBXGroup;
			children = (
				4DE606F228FA4C6700D2F29D /* UserAccount.swift */,
				4DE606F428FA4C9000D2F29D /* Currency.swift */,
			);
			path = "User Account";
			sourceTree = "<group>";
		};
		4DE606FC28FA777400D2F29D /* User Account */ = {
			isa = PBXGroup;
			children = (
				4DE606EF28FA49D200D2F29D /* UserAccountTests.swift */,
			);
			path = "User Account";
			sourceTree = "<group>";
		};
		4DE606FD28FA778700D2F29D /* Currency Converter */ = {
			isa = PBXGroup;
			children = (
				4DE606FE28FA77D500D2F29D /* CurrencyConverterViewControllerTests.swift */,
				4DE606F828FA64AB00D2F29D /* CurrencyConverterViewModelTests.swift */,
			);
			path = "Currency Converter";
			sourceTree = "<group>";
		};
/* End PBXGroup section */

/* Begin PBXNativeTarget section */
		4D73793D28F7E1AF00DBDE7F /* Currency Exchange */ = {
			isa = PBXNativeTarget;
			buildConfigurationList = 4D73796828F7E1B000DBDE7F /* Build configuration list for PBXNativeTarget "Currency Exchange" */;
			buildPhases = (
				4DE606F728FA512600D2F29D /* ShellScript */,
				4D73793A28F7E1AF00DBDE7F /* Sources */,
				4D73793B28F7E1AF00DBDE7F /* Frameworks */,
				4D73793C28F7E1AF00DBDE7F /* Resources */,
			);
			buildRules = (
			);
			dependencies = (
			);
			name = "Currency Exchange";
			productName = "Currency Exchange";
			productReference = 4D73793E28F7E1AF00DBDE7F /* Currency Exchange.app */;
			productType = "com.apple.product-type.application";
		};
		4D73795328F7E1B000DBDE7F /* Currency ExchangeTests */ = {
			isa = PBXNativeTarget;
			buildConfigurationList = 4D73796B28F7E1B000DBDE7F /* Build configuration list for PBXNativeTarget "Currency ExchangeTests" */;
			buildPhases = (
				4D73795028F7E1B000DBDE7F /* Sources */,
				4D73795128F7E1B000DBDE7F /* Frameworks */,
				4D73795228F7E1B000DBDE7F /* Resources */,
			);
			buildRules = (
			);
			dependencies = (
				4D73795628F7E1B000DBDE7F /* PBXTargetDependency */,
			);
			name = "Currency ExchangeTests";
			productName = "Currency ExchangeTests";
			productReference = 4D73795428F7E1B000DBDE7F /* Currency ExchangeTests.xctest */;
			productType = "com.apple.product-type.bundle.unit-test";
		};
/* End PBXNativeTarget section */

/* Begin PBXProject section */
		4D73793628F7E1AF00DBDE7F /* Project object */ = {
			isa = PBXProject;
			attributes = {
				BuildIndependentTargetsInParallel = 1;
				LastSwiftUpdateCheck = 1400;
				LastUpgradeCheck = 1400;
				TargetAttributes = {
					4D73793D28F7E1AF00DBDE7F = {
						CreatedOnToolsVersion = 14.0.1;
					};
					4D73795328F7E1B000DBDE7F = {
						CreatedOnToolsVersion = 14.0.1;
						TestTargetID = 4D73793D28F7E1AF00DBDE7F;
					};
				};
			};
			buildConfigurationList = 4D73793928F7E1AF00DBDE7F /* Build configuration list for PBXProject "Currency Exchange" */;
			compatibilityVersion = "Xcode 14.0";
			developmentRegion = en;
			hasScannedForEncodings = 0;
			knownRegions = (
				en,
				Base,
			);
			mainGroup = 4D73793528F7E1AF00DBDE7F;
			productRefGroup = 4D73793F28F7E1AF00DBDE7F /* Products */;
			projectDirPath = "";
			projectRoot = "";
			targets = (
				4D73793D28F7E1AF00DBDE7F /* Currency Exchange */,
				4D73795328F7E1B000DBDE7F /* Currency ExchangeTests */,
			);
		};
/* End PBXProject section */

/* Begin PBXResourcesBuildPhase section */
		4D73793C28F7E1AF00DBDE7F /* Resources */ = {
			isa = PBXResourcesBuildPhase;
			buildActionMask = 2147483647;
			files = (
				4D73794E28F7E1B000DBDE7F /* LaunchScreen.storyboard in Resources */,
				4D73794B28F7E1B000DBDE7F /* Assets.xcassets in Resources */,
				4D73794928F7E1AF00DBDE7F /* Main.storyboard in Resources */,
			);
			runOnlyForDeploymentPostprocessing = 0;
		};
		4D73795228F7E1B000DBDE7F /* Resources */ = {
			isa = PBXResourcesBuildPhase;
			buildActionMask = 2147483647;
			files = (
			);
			runOnlyForDeploymentPostprocessing = 0;
		};
/* End PBXResourcesBuildPhase section */

/* Begin PBXShellScriptBuildPhase section */
		4DE606F728FA512600D2F29D /* ShellScript */ = {
			isa = PBXShellScriptBuildPhase;
			alwaysOutOfDate = 1;
			buildActionMask = 2147483647;
			files = (
			);
			inputFileListPaths = (
			);
			inputPaths = (
			);
			outputFileListPaths = (
			);
			outputPaths = (
			);
			runOnlyForDeploymentPostprocessing = 0;
			shellPath = /bin/sh;
			shellScript = "PATH=/opt/homebrew/bin:$PATH\nif [ -f ~/com.raywenderlich.swiftlint.yml ]; then\n  if which swiftlint >/dev/null; then\n    swiftlint --no-cache --config ~/com.raywenderlich.swiftlint.yml\n  fi\nfi\n";
		};
/* End PBXShellScriptBuildPhase section */

/* Begin PBXSourcesBuildPhase section */
		4D73793A28F7E1AF00DBDE7F /* Sources */ = {
			isa = PBXSourcesBuildPhase;
			buildActionMask = 2147483647;
			files = (
				4D73797228F7E21800DBDE7F /* CurrencyConverterViewController.swift in Sources */,
				4D73799528F9883800DBDE7F /* CurrencyBalanceCell.swift in Sources */,
				4DE606F328FA4C6700D2F29D /* UserAccount.swift in Sources */,
				4D73794228F7E1AF00DBDE7F /* AppDelegate.swift in Sources */,
				4DE6070128FA78AD00D2F29D /* Storyboardable.swift in Sources */,
				4DE606EC28FA33FC00D2F29D /* ReusableView.swift in Sources */,
				4D73797928F82BB100DBDE7F /* BalancesCell.swift in Sources */,
				4DE606F528FA4C9000D2F29D /* Currency.swift in Sources */,
				4D73797428F80D6000DBDE7F /* UIViewController+NavigationBarCustomization.swift in Sources */,
				4D73797728F829C800DBDE7F /* ButtonCell.swift in Sources */,
				4D73794428F7E1AF00DBDE7F /* SceneDelegate.swift in Sources */,
				4DE606FB28FA657900D2F29D /* CurrencyConverterViewModel.swift in Sources */,
			);
			runOnlyForDeploymentPostprocessing = 0;
		};
		4D73795028F7E1B000DBDE7F /* Sources */ = {
			isa = PBXSourcesBuildPhase;
			buildActionMask = 2147483647;
			files = (
				4DE606FF28FA77D500D2F29D /* CurrencyConverterViewControllerTests.swift in Sources */,
				4DE606F928FA64AB00D2F29D /* CurrencyConverterViewModelTests.swift in Sources */,
				4DE606F028FA49D200D2F29D /* UserAccountTests.swift in Sources */,
			);
			runOnlyForDeploymentPostprocessing = 0;
		};
/* End PBXSourcesBuildPhase section */

/* Begin PBXTargetDependency section */
		4D73795628F7E1B000DBDE7F /* PBXTargetDependency */ = {
			isa = PBXTargetDependency;
			target = 4D73793D28F7E1AF00DBDE7F /* Currency Exchange */;
			targetProxy = 4D73795528F7E1B000DBDE7F /* PBXContainerItemProxy */;
		};
/* End PBXTargetDependency section */

/* Begin PBXVariantGroup section */
		4D73794728F7E1AF00DBDE7F /* Main.storyboard */ = {
			isa = PBXVariantGroup;
			children = (
				4D73794828F7E1AF00DBDE7F /* Base */,
			);
			name = Main.storyboard;
			sourceTree = "<group>";
		};
		4D73794C28F7E1B000DBDE7F /* LaunchScreen.storyboard */ = {
			isa = PBXVariantGroup;
			children = (
				4D73794D28F7E1B000DBDE7F /* Base */,
			);
			name = LaunchScreen.storyboard;
			sourceTree = "<group>";
		};
/* End PBXVariantGroup section */

/* Begin XCBuildConfiguration section */
		4D73796628F7E1B000DBDE7F /* Debug */ = {
			isa = XCBuildConfiguration;
			buildSettings = {
				ALWAYS_SEARCH_USER_PATHS = NO;
				CLANG_ANALYZER_NONNULL = YES;
				CLANG_ANALYZER_NUMBER_OBJECT_CONVERSION = YES_AGGRESSIVE;
				CLANG_CXX_LANGUAGE_STANDARD = "gnu++20";
				CLANG_ENABLE_MODULES = YES;
				CLANG_ENABLE_OBJC_ARC = YES;
				CLANG_ENABLE_OBJC_WEAK = YES;
				CLANG_WARN_BLOCK_CAPTURE_AUTORELEASING = YES;
				CLANG_WARN_BOOL_CONVERSION = YES;
				CLANG_WARN_COMMA = YES;
				CLANG_WARN_CONSTANT_CONVERSION = YES;
				CLANG_WARN_DEPRECATED_OBJC_IMPLEMENTATIONS = YES;
				CLANG_WARN_DIRECT_OBJC_ISA_USAGE = YES_ERROR;
				CLANG_WARN_DOCUMENTATION_COMMENTS = YES;
				CLANG_WARN_EMPTY_BODY = YES;
				CLANG_WARN_ENUM_CONVERSION = YES;
				CLANG_WARN_INFINITE_RECURSION = YES;
				CLANG_WARN_INT_CONVERSION = YES;
				CLANG_WARN_NON_LITERAL_NULL_CONVERSION = YES;
				CLANG_WARN_OBJC_IMPLICIT_RETAIN_SELF = YES;
				CLANG_WARN_OBJC_LITERAL_CONVERSION = YES;
				CLANG_WARN_OBJC_ROOT_CLASS = YES_ERROR;
				CLANG_WARN_QUOTED_INCLUDE_IN_FRAMEWORK_HEADER = YES;
				CLANG_WARN_RANGE_LOOP_ANALYSIS = YES;
				CLANG_WARN_STRICT_PROTOTYPES = YES;
				CLANG_WARN_SUSPICIOUS_MOVE = YES;
				CLANG_WARN_UNGUARDED_AVAILABILITY = YES_AGGRESSIVE;
				CLANG_WARN_UNREACHABLE_CODE = YES;
				CLANG_WARN__DUPLICATE_METHOD_MATCH = YES;
				COPY_PHASE_STRIP = NO;
				DEBUG_INFORMATION_FORMAT = dwarf;
				ENABLE_STRICT_OBJC_MSGSEND = YES;
				ENABLE_TESTABILITY = YES;
				GCC_C_LANGUAGE_STANDARD = gnu11;
				GCC_DYNAMIC_NO_PIC = NO;
				GCC_NO_COMMON_BLOCKS = YES;
				GCC_OPTIMIZATION_LEVEL = 0;
				GCC_PREPROCESSOR_DEFINITIONS = (
					"DEBUG=1",
					"$(inherited)",
				);
				GCC_WARN_64_TO_32_BIT_CONVERSION = YES;
				GCC_WARN_ABOUT_RETURN_TYPE = YES_ERROR;
				GCC_WARN_UNDECLARED_SELECTOR = YES;
				GCC_WARN_UNINITIALIZED_AUTOS = YES_AGGRESSIVE;
				GCC_WARN_UNUSED_FUNCTION = YES;
				GCC_WARN_UNUSED_VARIABLE = YES;
				IPHONEOS_DEPLOYMENT_TARGET = 15.0;
				MTL_ENABLE_DEBUG_INFO = INCLUDE_SOURCE;
				MTL_FAST_MATH = YES;
				ONLY_ACTIVE_ARCH = YES;
				SDKROOT = iphoneos;
				SWIFT_ACTIVE_COMPILATION_CONDITIONS = DEBUG;
				SWIFT_OPTIMIZATION_LEVEL = "-Onone";
			};
			name = Debug;
		};
		4D73796728F7E1B000DBDE7F /* Release */ = {
			isa = XCBuildConfiguration;
			buildSettings = {
				ALWAYS_SEARCH_USER_PATHS = NO;
				CLANG_ANALYZER_NONNULL = YES;
				CLANG_ANALYZER_NUMBER_OBJECT_CONVERSION = YES_AGGRESSIVE;
				CLANG_CXX_LANGUAGE_STANDARD = "gnu++20";
				CLANG_ENABLE_MODULES = YES;
				CLANG_ENABLE_OBJC_ARC = YES;
				CLANG_ENABLE_OBJC_WEAK = YES;
				CLANG_WARN_BLOCK_CAPTURE_AUTORELEASING = YES;
				CLANG_WARN_BOOL_CONVERSION = YES;
				CLANG_WARN_COMMA = YES;
				CLANG_WARN_CONSTANT_CONVERSION = YES;
				CLANG_WARN_DEPRECATED_OBJC_IMPLEMENTATIONS = YES;
				CLANG_WARN_DIRECT_OBJC_ISA_USAGE = YES_ERROR;
				CLANG_WARN_DOCUMENTATION_COMMENTS = YES;
				CLANG_WARN_EMPTY_BODY = YES;
				CLANG_WARN_ENUM_CONVERSION = YES;
				CLANG_WARN_INFINITE_RECURSION = YES;
				CLANG_WARN_INT_CONVERSION = YES;
				CLANG_WARN_NON_LITERAL_NULL_CONVERSION = YES;
				CLANG_WARN_OBJC_IMPLICIT_RETAIN_SELF = YES;
				CLANG_WARN_OBJC_LITERAL_CONVERSION = YES;
				CLANG_WARN_OBJC_ROOT_CLASS = YES_ERROR;
				CLANG_WARN_QUOTED_INCLUDE_IN_FRAMEWORK_HEADER = YES;
				CLANG_WARN_RANGE_LOOP_ANALYSIS = YES;
				CLANG_WARN_STRICT_PROTOTYPES = YES;
				CLANG_WARN_SUSPICIOUS_MOVE = YES;
				CLANG_WARN_UNGUARDED_AVAILABILITY = YES_AGGRESSIVE;
				CLANG_WARN_UNREACHABLE_CODE = YES;
				CLANG_WARN__DUPLICATE_METHOD_MATCH = YES;
				COPY_PHASE_STRIP = NO;
				DEBUG_INFORMATION_FORMAT = "dwarf-with-dsym";
				ENABLE_NS_ASSERTIONS = NO;
				ENABLE_STRICT_OBJC_MSGSEND = YES;
				GCC_C_LANGUAGE_STANDARD = gnu11;
				GCC_NO_COMMON_BLOCKS = YES;
				GCC_WARN_64_TO_32_BIT_CONVERSION = YES;
				GCC_WARN_ABOUT_RETURN_TYPE = YES_ERROR;
				GCC_WARN_UNDECLARED_SELECTOR = YES;
				GCC_WARN_UNINITIALIZED_AUTOS = YES_AGGRESSIVE;
				GCC_WARN_UNUSED_FUNCTION = YES;
				GCC_WARN_UNUSED_VARIABLE = YES;
				IPHONEOS_DEPLOYMENT_TARGET = 15.0;
				MTL_ENABLE_DEBUG_INFO = NO;
				MTL_FAST_MATH = YES;
				SDKROOT = iphoneos;
				SWIFT_COMPILATION_MODE = wholemodule;
				SWIFT_OPTIMIZATION_LEVEL = "-O";
				VALIDATE_PRODUCT = YES;
			};
			name = Release;
		};
		4D73796928F7E1B000DBDE7F /* Debug */ = {
			isa = XCBuildConfiguration;
			buildSettings = {
				ASSETCATALOG_COMPILER_APPICON_NAME = AppIcon;
				ASSETCATALOG_COMPILER_GLOBAL_ACCENT_COLOR_NAME = AccentColor;
				CODE_SIGN_STYLE = Automatic;
				CURRENT_PROJECT_VERSION = 1;
				DEVELOPMENT_TEAM = CZHT3BTCGY;
				GENERATE_INFOPLIST_FILE = YES;
				INFOPLIST_FILE = "Currency Exchange/Info.plist";
				INFOPLIST_KEY_UIApplicationSupportsIndirectInputEvents = YES;
				INFOPLIST_KEY_UILaunchStoryboardName = LaunchScreen;
				INFOPLIST_KEY_UIMainStoryboardFile = Main;
				INFOPLIST_KEY_UIRequiresFullScreen = YES;
				INFOPLIST_KEY_UIStatusBarStyle = UIStatusBarStyleLightContent;
				INFOPLIST_KEY_UISupportedInterfaceOrientations = UIInterfaceOrientationPortrait;
				IPHONEOS_DEPLOYMENT_TARGET = 15.0;
				LD_RUNPATH_SEARCH_PATHS = (
					"$(inherited)",
					"@executable_path/Frameworks",
				);
				MARKETING_VERSION = 1.0;
				PRODUCT_BUNDLE_IDENTIFIER = "org.gdelgado.Currency-Exchange";
				PRODUCT_NAME = "$(TARGET_NAME)";
				SWIFT_EMIT_LOC_STRINGS = YES;
				SWIFT_VERSION = 5.0;
				TARGETED_DEVICE_FAMILY = "1,2";
			};
			name = Debug;
		};
		4D73796A28F7E1B000DBDE7F /* Release */ = {
			isa = XCBuildConfiguration;
			buildSettings = {
				ASSETCATALOG_COMPILER_APPICON_NAME = AppIcon;
				ASSETCATALOG_COMPILER_GLOBAL_ACCENT_COLOR_NAME = AccentColor;
				CODE_SIGN_STYLE = Automatic;
				CURRENT_PROJECT_VERSION = 1;
				DEVELOPMENT_TEAM = CZHT3BTCGY;
				GENERATE_INFOPLIST_FILE = YES;
				INFOPLIST_FILE = "Currency Exchange/Info.plist";
				INFOPLIST_KEY_UIApplicationSupportsIndirectInputEvents = YES;
				INFOPLIST_KEY_UILaunchStoryboardName = LaunchScreen;
				INFOPLIST_KEY_UIMainStoryboardFile = Main;
				INFOPLIST_KEY_UIRequiresFullScreen = YES;
				INFOPLIST_KEY_UIStatusBarStyle = UIStatusBarStyleLightContent;
				INFOPLIST_KEY_UISupportedInterfaceOrientations = UIInterfaceOrientationPortrait;
				IPHONEOS_DEPLOYMENT_TARGET = 15.0;
				LD_RUNPATH_SEARCH_PATHS = (
					"$(inherited)",
					"@executable_path/Frameworks",
				);
				MARKETING_VERSION = 1.0;
				PRODUCT_BUNDLE_IDENTIFIER = "org.gdelgado.Currency-Exchange";
				PRODUCT_NAME = "$(TARGET_NAME)";
				SWIFT_EMIT_LOC_STRINGS = YES;
				SWIFT_VERSION = 5.0;
				TARGETED_DEVICE_FAMILY = "1,2";
			};
			name = Release;
		};
		4D73796C28F7E1B000DBDE7F /* Debug */ = {
			isa = XCBuildConfiguration;
			buildSettings = {
				ALWAYS_EMBED_SWIFT_STANDARD_LIBRARIES = YES;
				BUNDLE_LOADER = "$(TEST_HOST)";
				CODE_SIGN_STYLE = Automatic;
				CURRENT_PROJECT_VERSION = 1;
				DEVELOPMENT_TEAM = CZHT3BTCGY;
				GENERATE_INFOPLIST_FILE = YES;
				IPHONEOS_DEPLOYMENT_TARGET = 15.0;
				MARKETING_VERSION = 1.0;
				PRODUCT_BUNDLE_IDENTIFIER = "org.gdelgado.Currency-ExchangeTests";
				PRODUCT_NAME = "$(TARGET_NAME)";
				SWIFT_EMIT_LOC_STRINGS = NO;
				SWIFT_VERSION = 5.0;
				TARGETED_DEVICE_FAMILY = "1,2";
				TEST_HOST = "$(BUILT_PRODUCTS_DIR)/Currency Exchange.app/$(BUNDLE_EXECUTABLE_FOLDER_PATH)/Currency Exchange";
			};
			name = Debug;
		};
		4D73796D28F7E1B000DBDE7F /* Release */ = {
			isa = XCBuildConfiguration;
			buildSettings = {
				ALWAYS_EMBED_SWIFT_STANDARD_LIBRARIES = YES;
				BUNDLE_LOADER = "$(TEST_HOST)";
				CODE_SIGN_STYLE = Automatic;
				CURRENT_PROJECT_VERSION = 1;
				DEVELOPMENT_TEAM = CZHT3BTCGY;
				GENERATE_INFOPLIST_FILE = YES;
				IPHONEOS_DEPLOYMENT_TARGET = 15.0;
				MARKETING_VERSION = 1.0;
				PRODUCT_BUNDLE_IDENTIFIER = "org.gdelgado.Currency-ExchangeTests";
				PRODUCT_NAME = "$(TARGET_NAME)";
				SWIFT_EMIT_LOC_STRINGS = NO;
				SWIFT_VERSION = 5.0;
				TARGETED_DEVICE_FAMILY = "1,2";
				TEST_HOST = "$(BUILT_PRODUCTS_DIR)/Currency Exchange.app/$(BUNDLE_EXECUTABLE_FOLDER_PATH)/Currency Exchange";
			};
			name = Release;
		};
/* End XCBuildConfiguration section */

/* Begin XCConfigurationList section */
		4D73793928F7E1AF00DBDE7F /* Build configuration list for PBXProject "Currency Exchange" */ = {
			isa = XCConfigurationList;
			buildConfigurations = (
				4D73796628F7E1B000DBDE7F /* Debug */,
				4D73796728F7E1B000DBDE7F /* Release */,
			);
			defaultConfigurationIsVisible = 0;
			defaultConfigurationName = Release;
		};
		4D73796828F7E1B000DBDE7F /* Build configuration list for PBXNativeTarget "Currency Exchange" */ = {
			isa = XCConfigurationList;
			buildConfigurations = (
				4D73796928F7E1B000DBDE7F /* Debug */,
				4D73796A28F7E1B000DBDE7F /* Release */,
			);
			defaultConfigurationIsVisible = 0;
			defaultConfigurationName = Release;
		};
		4D73796B28F7E1B000DBDE7F /* Build configuration list for PBXNativeTarget "Currency ExchangeTests" */ = {
			isa = XCConfigurationList;
			buildConfigurations = (
				4D73796C28F7E1B000DBDE7F /* Debug */,
				4D73796D28F7E1B000DBDE7F /* Release */,
			);
			defaultConfigurationIsVisible = 0;
			defaultConfigurationName = Release;
		};
/* End XCConfigurationList section */
	};
	rootObject = 4D73793628F7E1AF00DBDE7F /* Project object */;
}
