// !$*UTF8*$!
{
	archiveVersion = 1;
	classes = {
	};
	objectVersion = 56;
	objects = {

/* Begin PBXBuildFile section */
		1CEF99AA41386CD70CAA45F5 /* Pods_Currency_ExchangeTests.framework in Frameworks */ = {isa = PBXBuildFile; fileRef = CFCBFAD2BAB7B2DF0CC9EFD1 /* Pods_Currency_ExchangeTests.framework */; };
		4D15FBE128FEC79E00479EAB /* CommissionCalculator.swift in Sources */ = {isa = PBXBuildFile; fileRef = 4D15FBE028FEC79E00479EAB /* CommissionCalculator.swift */; };
		4D680F9328FECC8E00674195 /* FixedFiveCommission.swift in Sources */ = {isa = PBXBuildFile; fileRef = 4D680F9228FECC8E00674195 /* FixedFiveCommission.swift */; };
		4D680F9528FECD1200674195 /* FixedAfterFiveCommissionTests.swift in Sources */ = {isa = PBXBuildFile; fileRef = 4D680F9428FECD1200674195 /* FixedAfterFiveCommissionTests.swift */; };
		4D680F9728FF521F00674195 /* UserAccountError.swift in Sources */ = {isa = PBXBuildFile; fileRef = 4D680F9628FF521F00674195 /* UserAccountError.swift */; };
		4D680F9A28FF638D00674195 /* ConverterProtocol.swift in Sources */ = {isa = PBXBuildFile; fileRef = 4D680F9928FF638D00674195 /* ConverterProtocol.swift */; };
		4D6E788A28FD578700F11C6A /* InputTextValidator.swift in Sources */ = {isa = PBXBuildFile; fileRef = 4D6E788928FD578700F11C6A /* InputTextValidator.swift */; };
		4D6E788C28FD57A500F11C6A /* InputAmountValidator.swift in Sources */ = {isa = PBXBuildFile; fileRef = 4D6E788B28FD57A500F11C6A /* InputAmountValidator.swift */; };
		4D6E789028FD636100F11C6A /* ButtonCellViewModel.swift in Sources */ = {isa = PBXBuildFile; fileRef = 4D6E788F28FD636100F11C6A /* ButtonCellViewModel.swift */; };
		4D6E789228FD63B600F11C6A /* ButtonCellViewModelTests.swift in Sources */ = {isa = PBXBuildFile; fileRef = 4D6E789128FD63B600F11C6A /* ButtonCellViewModelTests.swift */; };
		4D73794228F7E1AF00DBDE7F /* AppDelegate.swift in Sources */ = {isa = PBXBuildFile; fileRef = 4D73794128F7E1AF00DBDE7F /* AppDelegate.swift */; };
		4D73794428F7E1AF00DBDE7F /* SceneDelegate.swift in Sources */ = {isa = PBXBuildFile; fileRef = 4D73794328F7E1AF00DBDE7F /* SceneDelegate.swift */; };
		4D73794B28F7E1B000DBDE7F /* Assets.xcassets in Resources */ = {isa = PBXBuildFile; fileRef = 4D73794A28F7E1B000DBDE7F /* Assets.xcassets */; };
		4D73794E28F7E1B000DBDE7F /* LaunchScreen.storyboard in Resources */ = {isa = PBXBuildFile; fileRef = 4D73794C28F7E1B000DBDE7F /* LaunchScreen.storyboard */; };
		4D73797228F7E21800DBDE7F /* CurrencyConverterViewController.swift in Sources */ = {isa = PBXBuildFile; fileRef = 4D73797128F7E21800DBDE7F /* CurrencyConverterViewController.swift */; };
		4D73797428F80D6000DBDE7F /* UIViewController+NavigationBarCustomization.swift in Sources */ = {isa = PBXBuildFile; fileRef = 4D73797328F80D6000DBDE7F /* UIViewController+NavigationBarCustomization.swift */; };
		4D73797728F829C800DBDE7F /* ButtonCell.swift in Sources */ = {isa = PBXBuildFile; fileRef = 4D73797628F829C800DBDE7F /* ButtonCell.swift */; };
		4D73797928F82BB100DBDE7F /* BalancesCell.swift in Sources */ = {isa = PBXBuildFile; fileRef = 4D73797828F82BB100DBDE7F /* BalancesCell.swift */; };
		4D73799528F9883800DBDE7F /* CurrencyBalanceCell.swift in Sources */ = {isa = PBXBuildFile; fileRef = 4D73799428F9883800DBDE7F /* CurrencyBalanceCell.swift */; };
		4DE606EC28FA33FC00D2F29D /* ReusableView.swift in Sources */ = {isa = PBXBuildFile; fileRef = 4DE606EB28FA33FC00D2F29D /* ReusableView.swift */; };
		4DE606F028FA49D200D2F29D /* UserAccountTests.swift in Sources */ = {isa = PBXBuildFile; fileRef = 4DE606EF28FA49D200D2F29D /* UserAccountTests.swift */; };
		4DE606F328FA4C6700D2F29D /* UserAccount.swift in Sources */ = {isa = PBXBuildFile; fileRef = 4DE606F228FA4C6700D2F29D /* UserAccount.swift */; };
		4DE606F528FA4C9000D2F29D /* Currency.swift in Sources */ = {isa = PBXBuildFile; fileRef = 4DE606F428FA4C9000D2F29D /* Currency.swift */; };
		4DE606F928FA64AB00D2F29D /* CurrencyConverterViewModelTests.swift in Sources */ = {isa = PBXBuildFile; fileRef = 4DE606F828FA64AB00D2F29D /* CurrencyConverterViewModelTests.swift */; };
		4DE606FB28FA657900D2F29D /* CurrencyConverterViewModel.swift in Sources */ = {isa = PBXBuildFile; fileRef = 4DE606FA28FA657900D2F29D /* CurrencyConverterViewModel.swift */; };
		4DE606FF28FA77D500D2F29D /* CurrencyConverterViewControllerTests.swift in Sources */ = {isa = PBXBuildFile; fileRef = 4DE606FE28FA77D500D2F29D /* CurrencyConverterViewControllerTests.swift */; };
		4DE6070528FA97B600D2F29D /* BalancesCellViewModel.swift in Sources */ = {isa = PBXBuildFile; fileRef = 4DE6070328FA979A00D2F29D /* BalancesCellViewModel.swift */; };
		4DE6070728FA97C500D2F29D /* BalancesCellViewModelTests.swift in Sources */ = {isa = PBXBuildFile; fileRef = 4DE6070628FA97C500D2F29D /* BalancesCellViewModelTests.swift */; };
		4DE6070A28FA990F00D2F29D /* UserAccount.swift in Sources */ = {isa = PBXBuildFile; fileRef = 4DE6070928FA990F00D2F29D /* UserAccount.swift */; };
		4DE6070F28FAB9B100D2F29D /* SourceCell.swift in Sources */ = {isa = PBXBuildFile; fileRef = 4DE6070E28FAB9B100D2F29D /* SourceCell.swift */; };
		4DE6071128FAB9D200D2F29D /* DestinationCell.swift in Sources */ = {isa = PBXBuildFile; fileRef = 4DE6071028FAB9D200D2F29D /* DestinationCell.swift */; };
		4DE6071428FABF8D00D2F29D /* SourceCellViewModelTests.swift in Sources */ = {isa = PBXBuildFile; fileRef = 4DE6071328FABF8D00D2F29D /* SourceCellViewModelTests.swift */; };
		4DE6071628FABFCF00D2F29D /* SourceCellViewModel.swift in Sources */ = {isa = PBXBuildFile; fileRef = 4DE6071528FABFCF00D2F29D /* SourceCellViewModel.swift */; };
		4DE6071828FB5F6F00D2F29D /* SourceCell.xib in Resources */ = {isa = PBXBuildFile; fileRef = 4DE6071728FB5F6F00D2F29D /* SourceCell.xib */; };
		4DE6071A28FB606300D2F29D /* DestinationCell.xib in Resources */ = {isa = PBXBuildFile; fileRef = 4DE6071928FB606300D2F29D /* DestinationCell.xib */; };
		4DE6071C28FB61E900D2F29D /* ButtonCell.xib in Resources */ = {isa = PBXBuildFile; fileRef = 4DE6071B28FB61E900D2F29D /* ButtonCell.xib */; };
		4DE6071E28FBFAB000D2F29D /* DestinationCellViewModel.swift in Sources */ = {isa = PBXBuildFile; fileRef = 4DE6071D28FBFAB000D2F29D /* DestinationCellViewModel.swift */; };
		4DE6072028FC0E7000D2F29D /* CurrencyFormatterTests.swift in Sources */ = {isa = PBXBuildFile; fileRef = 4DE6071F28FC0E7000D2F29D /* CurrencyFormatterTests.swift */; };
		4DE6072228FC14E200D2F29D /* CurrencyFormatter.swift in Sources */ = {isa = PBXBuildFile; fileRef = 4DE6072128FC14E200D2F29D /* CurrencyFormatter.swift */; };
		4DE6072628FCC0E100D2F29D /* InputAmountValidatorTests.swift in Sources */ = {isa = PBXBuildFile; fileRef = 4DE6072528FCC0E100D2F29D /* InputAmountValidatorTests.swift */; };
		DCFB0AE5316CB972EE6A2CF9 /* Pods_Currency_Exchange.framework in Frameworks */ = {isa = PBXBuildFile; fileRef = 6049AAB556884E702F9AF62C /* Pods_Currency_Exchange.framework */; };
/* End PBXBuildFile section */

/* Begin PBXContainerItemProxy section */
		4D73795528F7E1B000DBDE7F /* PBXContainerItemProxy */ = {
			isa = PBXContainerItemProxy;
			containerPortal = 4D73793628F7E1AF00DBDE7F /* Project object */;
			proxyType = 1;
			remoteGlobalIDString = 4D73793D28F7E1AF00DBDE7F;
			remoteInfo = "Currency Exchange";
		};
/* End PBXContainerItemProxy section */

/* Begin PBXFileReference section */
		32E9282CC4E59DB60F94CF31 /* Pods-Currency ExchangeTests.debug.xcconfig */ = {isa = PBXFileReference; includeInIndex = 1; lastKnownFileType = text.xcconfig; name = "Pods-Currency ExchangeTests.debug.xcconfig"; path = "Target Support Files/Pods-Currency ExchangeTests/Pods-Currency ExchangeTests.debug.xcconfig"; sourceTree = "<group>"; };
		45EE31ABE4C717E37192DD87 /* Pods-Currency ExchangeTests.release.xcconfig */ = {isa = PBXFileReference; includeInIndex = 1; lastKnownFileType = text.xcconfig; name = "Pods-Currency ExchangeTests.release.xcconfig"; path = "Target Support Files/Pods-Currency ExchangeTests/Pods-Currency ExchangeTests.release.xcconfig"; sourceTree = "<group>"; };
		4D15FBE028FEC79E00479EAB /* CommissionCalculator.swift */ = {isa = PBXFileReference; lastKnownFileType = sourcecode.swift; path = CommissionCalculator.swift; sourceTree = "<group>"; };
		4D680F9228FECC8E00674195 /* FixedFiveCommission.swift */ = {isa = PBXFileReference; lastKnownFileType = sourcecode.swift; path = FixedFiveCommission.swift; sourceTree = "<group>"; };
		4D680F9428FECD1200674195 /* FixedAfterFiveCommissionTests.swift */ = {isa = PBXFileReference; lastKnownFileType = sourcecode.swift; path = FixedAfterFiveCommissionTests.swift; sourceTree = "<group>"; };
		4D680F9628FF521F00674195 /* UserAccountError.swift */ = {isa = PBXFileReference; lastKnownFileType = sourcecode.swift; path = UserAccountError.swift; sourceTree = "<group>"; };
		4D680F9928FF638D00674195 /* ConverterProtocol.swift */ = {isa = PBXFileReference; lastKnownFileType = sourcecode.swift; path = ConverterProtocol.swift; sourceTree = "<group>"; };
		4D6E788928FD578700F11C6A /* InputTextValidator.swift */ = {isa = PBXFileReference; lastKnownFileType = sourcecode.swift; path = InputTextValidator.swift; sourceTree = "<group>"; };
		4D6E788B28FD57A500F11C6A /* InputAmountValidator.swift */ = {isa = PBXFileReference; lastKnownFileType = sourcecode.swift; path = InputAmountValidator.swift; sourceTree = "<group>"; };
		4D6E788F28FD636100F11C6A /* ButtonCellViewModel.swift */ = {isa = PBXFileReference; lastKnownFileType = sourcecode.swift; path = ButtonCellViewModel.swift; sourceTree = "<group>"; };
		4D6E789128FD63B600F11C6A /* ButtonCellViewModelTests.swift */ = {isa = PBXFileReference; lastKnownFileType = sourcecode.swift; path = ButtonCellViewModelTests.swift; sourceTree = "<group>"; };
		4D73793E28F7E1AF00DBDE7F /* Currency Exchange.app */ = {isa = PBXFileReference; explicitFileType = wrapper.application; includeInIndex = 0; path = "Currency Exchange.app"; sourceTree = BUILT_PRODUCTS_DIR; };
		4D73794128F7E1AF00DBDE7F /* AppDelegate.swift */ = {isa = PBXFileReference; lastKnownFileType = sourcecode.swift; path = AppDelegate.swift; sourceTree = "<group>"; };
		4D73794328F7E1AF00DBDE7F /* SceneDelegate.swift */ = {isa = PBXFileReference; lastKnownFileType = sourcecode.swift; path = SceneDelegate.swift; sourceTree = "<group>"; };
		4D73794A28F7E1B000DBDE7F /* Assets.xcassets */ = {isa = PBXFileReference; lastKnownFileType = folder.assetcatalog; path = Assets.xcassets; sourceTree = "<group>"; };
		4D73794D28F7E1B000DBDE7F /* Base */ = {isa = PBXFileReference; lastKnownFileType = file.storyboard; name = Base; path = Base.lproj/LaunchScreen.storyboard; sourceTree = "<group>"; };
		4D73794F28F7E1B000DBDE7F /* Info.plist */ = {isa = PBXFileReference; lastKnownFileType = text.plist.xml; path = Info.plist; sourceTree = "<group>"; };
		4D73795428F7E1B000DBDE7F /* Currency ExchangeTests.xctest */ = {isa = PBXFileReference; explicitFileType = wrapper.cfbundle; includeInIndex = 0; path = "Currency ExchangeTests.xctest"; sourceTree = BUILT_PRODUCTS_DIR; };
		4D73797128F7E21800DBDE7F /* CurrencyConverterViewController.swift */ = {isa = PBXFileReference; lastKnownFileType = sourcecode.swift; path = CurrencyConverterViewController.swift; sourceTree = "<group>"; };
		4D73797328F80D6000DBDE7F /* UIViewController+NavigationBarCustomization.swift */ = {isa = PBXFileReference; lastKnownFileType = sourcecode.swift; path = "UIViewController+NavigationBarCustomization.swift"; sourceTree = "<group>"; };
		4D73797628F829C800DBDE7F /* ButtonCell.swift */ = {isa = PBXFileReference; lastKnownFileType = sourcecode.swift; path = ButtonCell.swift; sourceTree = "<group>"; };
		4D73797828F82BB100DBDE7F /* BalancesCell.swift */ = {isa = PBXFileReference; lastKnownFileType = sourcecode.swift; path = BalancesCell.swift; sourceTree = "<group>"; };
		4D73799428F9883800DBDE7F /* CurrencyBalanceCell.swift */ = {isa = PBXFileReference; lastKnownFileType = sourcecode.swift; path = CurrencyBalanceCell.swift; sourceTree = "<group>"; };
		4DE606EB28FA33FC00D2F29D /* ReusableView.swift */ = {isa = PBXFileReference; lastKnownFileType = sourcecode.swift; path = ReusableView.swift; sourceTree = "<group>"; };
		4DE606EF28FA49D200D2F29D /* UserAccountTests.swift */ = {isa = PBXFileReference; lastKnownFileType = sourcecode.swift; path = UserAccountTests.swift; sourceTree = "<group>"; };
		4DE606F228FA4C6700D2F29D /* UserAccount.swift */ = {isa = PBXFileReference; lastKnownFileType = sourcecode.swift; path = UserAccount.swift; sourceTree = "<group>"; };
		4DE606F428FA4C9000D2F29D /* Currency.swift */ = {isa = PBXFileReference; lastKnownFileType = sourcecode.swift; path = Currency.swift; sourceTree = "<group>"; };
		4DE606F828FA64AB00D2F29D /* CurrencyConverterViewModelTests.swift */ = {isa = PBXFileReference; lastKnownFileType = sourcecode.swift; path = CurrencyConverterViewModelTests.swift; sourceTree = "<group>"; };
		4DE606FA28FA657900D2F29D /* CurrencyConverterViewModel.swift */ = {isa = PBXFileReference; lastKnownFileType = sourcecode.swift; path = CurrencyConverterViewModel.swift; sourceTree = "<group>"; };
		4DE606FE28FA77D500D2F29D /* CurrencyConverterViewControllerTests.swift */ = {isa = PBXFileReference; lastKnownFileType = sourcecode.swift; path = CurrencyConverterViewControllerTests.swift; sourceTree = "<group>"; };
		4DE6070328FA979A00D2F29D /* BalancesCellViewModel.swift */ = {isa = PBXFileReference; lastKnownFileType = sourcecode.swift; path = BalancesCellViewModel.swift; sourceTree = "<group>"; };
		4DE6070628FA97C500D2F29D /* BalancesCellViewModelTests.swift */ = {isa = PBXFileReference; lastKnownFileType = sourcecode.swift; path = BalancesCellViewModelTests.swift; sourceTree = "<group>"; };
		4DE6070928FA990F00D2F29D /* UserAccount.swift */ = {isa = PBXFileReference; lastKnownFileType = sourcecode.swift; path = UserAccount.swift; sourceTree = "<group>"; };
		4DE6070E28FAB9B100D2F29D /* SourceCell.swift */ = {isa = PBXFileReference; lastKnownFileType = sourcecode.swift; path = SourceCell.swift; sourceTree = "<group>"; };
		4DE6071028FAB9D200D2F29D /* DestinationCell.swift */ = {isa = PBXFileReference; lastKnownFileType = sourcecode.swift; path = DestinationCell.swift; sourceTree = "<group>"; };
		4DE6071328FABF8D00D2F29D /* SourceCellViewModelTests.swift */ = {isa = PBXFileReference; lastKnownFileType = sourcecode.swift; path = SourceCellViewModelTests.swift; sourceTree = "<group>"; };
		4DE6071528FABFCF00D2F29D /* SourceCellViewModel.swift */ = {isa = PBXFileReference; lastKnownFileType = sourcecode.swift; path = SourceCellViewModel.swift; sourceTree = "<group>"; };
		4DE6071728FB5F6F00D2F29D /* SourceCell.xib */ = {isa = PBXFileReference; lastKnownFileType = file.xib; path = SourceCell.xib; sourceTree = "<group>"; };
		4DE6071928FB606300D2F29D /* DestinationCell.xib */ = {isa = PBXFileReference; lastKnownFileType = file.xib; path = DestinationCell.xib; sourceTree = "<group>"; };
		4DE6071B28FB61E900D2F29D /* ButtonCell.xib */ = {isa = PBXFileReference; lastKnownFileType = file.xib; path = ButtonCell.xib; sourceTree = "<group>"; };
		4DE6071D28FBFAB000D2F29D /* DestinationCellViewModel.swift */ = {isa = PBXFileReference; lastKnownFileType = sourcecode.swift; path = DestinationCellViewModel.swift; sourceTree = "<group>"; };
		4DE6071F28FC0E7000D2F29D /* CurrencyFormatterTests.swift */ = {isa = PBXFileReference; lastKnownFileType = sourcecode.swift; path = CurrencyFormatterTests.swift; sourceTree = "<group>"; };
		4DE6072128FC14E200D2F29D /* CurrencyFormatter.swift */ = {isa = PBXFileReference; lastKnownFileType = sourcecode.swift; path = CurrencyFormatter.swift; sourceTree = "<group>"; };
		4DE6072528FCC0E100D2F29D /* InputAmountValidatorTests.swift */ = {isa = PBXFileReference; lastKnownFileType = sourcecode.swift; path = InputAmountValidatorTests.swift; sourceTree = "<group>"; };
		6049AAB556884E702F9AF62C /* Pods_Currency_Exchange.framework */ = {isa = PBXFileReference; explicitFileType = wrapper.framework; includeInIndex = 0; path = Pods_Currency_Exchange.framework; sourceTree = BUILT_PRODUCTS_DIR; };
		952325AB177D9BB683F991B2 /* Pods-Currency Exchange.release.xcconfig */ = {isa = PBXFileReference; includeInIndex = 1; lastKnownFileType = text.xcconfig; name = "Pods-Currency Exchange.release.xcconfig"; path = "Target Support Files/Pods-Currency Exchange/Pods-Currency Exchange.release.xcconfig"; sourceTree = "<group>"; };
		CFCBFAD2BAB7B2DF0CC9EFD1 /* Pods_Currency_ExchangeTests.framework */ = {isa = PBXFileReference; explicitFileType = wrapper.framework; includeInIndex = 0; path = Pods_Currency_ExchangeTests.framework; sourceTree = BUILT_PRODUCTS_DIR; };
		D9BCC62204796E6C732EB117 /* Pods-Currency Exchange.debug.xcconfig */ = {isa = PBXFileReference; includeInIndex = 1; lastKnownFileType = text.xcconfig; name = "Pods-Currency Exchange.debug.xcconfig"; path = "Target Support Files/Pods-Currency Exchange/Pods-Currency Exchange.debug.xcconfig"; sourceTree = "<group>"; };
/* End PBXFileReference section */

/* Begin PBXFrameworksBuildPhase section */
		4D73793B28F7E1AF00DBDE7F /* Frameworks */ = {
			isa = PBXFrameworksBuildPhase;
			buildActionMask = 2147483647;
			files = (
				DCFB0AE5316CB972EE6A2CF9 /* Pods_Currency_Exchange.framework in Frameworks */,
			);
			runOnlyForDeploymentPostprocessing = 0;
		};
		4D73795128F7E1B000DBDE7F /* Frameworks */ = {
			isa = PBXFrameworksBuildPhase;
			buildActionMask = 2147483647;
			files = (
				1CEF99AA41386CD70CAA45F5 /* Pods_Currency_ExchangeTests.framework in Frameworks */,
			);
			runOnlyForDeploymentPostprocessing = 0;
		};
/* End PBXFrameworksBuildPhase section */

/* Begin PBXGroup section */
		15C0A3169CDF0BA4AE5F0470 /* Pods */ = {
			isa = PBXGroup;
			children = (
				D9BCC62204796E6C732EB117 /* Pods-Currency Exchange.debug.xcconfig */,
				952325AB177D9BB683F991B2 /* Pods-Currency Exchange.release.xcconfig */,
				32E9282CC4E59DB60F94CF31 /* Pods-Currency ExchangeTests.debug.xcconfig */,
				45EE31ABE4C717E37192DD87 /* Pods-Currency ExchangeTests.release.xcconfig */,
			);
			path = Pods;
			sourceTree = "<group>";
		};
		4D680F9828FF62FE00674195 /* ConverterProtocol */ = {
			isa = PBXGroup;
			children = (
				4D680F9928FF638D00674195 /* ConverterProtocol.swift */,
			);
			path = ConverterProtocol;
			sourceTree = "<group>";
		};
		4D6E788828FD576100F11C6A /* InputTextValidator */ = {
			isa = PBXGroup;
			children = (
				4D6E788928FD578700F11C6A /* InputTextValidator.swift */,
				4D6E788B28FD57A500F11C6A /* InputAmountValidator.swift */,
			);
			path = InputTextValidator;
			sourceTree = "<group>";
		};
		4D6E788D28FD633900F11C6A /* Submit */ = {
			isa = PBXGroup;
			children = (
				4D73797628F829C800DBDE7F /* ButtonCell.swift */,
				4DE6071B28FB61E900D2F29D /* ButtonCell.xib */,
				4D6E788F28FD636100F11C6A /* ButtonCellViewModel.swift */,
			);
			path = Submit;
			sourceTree = "<group>";
		};
		4D6E788E28FD634A00F11C6A /* Submit */ = {
			isa = PBXGroup;
			children = (
				4D6E789128FD63B600F11C6A /* ButtonCellViewModelTests.swift */,
			);
			path = Submit;
			sourceTree = "<group>";
		};
		4D73793528F7E1AF00DBDE7F = {
			isa = PBXGroup;
			children = (
				4D73794028F7E1AF00DBDE7F /* Currency Exchange */,
				4D73795728F7E1B000DBDE7F /* Currency ExchangeTests */,
				4D73793F28F7E1AF00DBDE7F /* Products */,
				15C0A3169CDF0BA4AE5F0470 /* Pods */,
				E7921343B0B8CF72D357A2EC /* Frameworks */,
			);
			sourceTree = "<group>";
		};
		4D73793F28F7E1AF00DBDE7F /* Products */ = {
			isa = PBXGroup;
			children = (
				4D73793E28F7E1AF00DBDE7F /* Currency Exchange.app */,
				4D73795428F7E1B000DBDE7F /* Currency ExchangeTests.xctest */,
			);
			name = Products;
			sourceTree = "<group>";
		};
		4D73794028F7E1AF00DBDE7F /* Currency Exchange */ = {
			isa = PBXGroup;
			children = (
				4DE606F128FA4C5700D2F29D /* User Account */,
				4DE606EE28FA440500D2F29D /* App */,
				4DE606ED28FA43EB00D2F29D /* Currency Converter */,
				4DE606EA28FA33EA00D2F29D /* Helpers */,
				4D73794F28F7E1B000DBDE7F /* Info.plist */,
			);
			path = "Currency Exchange";
			sourceTree = "<group>";
		};
		4D73795728F7E1B000DBDE7F /* Currency ExchangeTests */ = {
			isa = PBXGroup;
			children = (
				4DE6070828FA98F400D2F29D /* Helpers */,
				4DE606FC28FA777400D2F29D /* User Account */,
				4DE606FD28FA778700D2F29D /* Currency Converter */,
			);
			path = "Currency ExchangeTests";
			sourceTree = "<group>";
		};
		4D73797528F829B000DBDE7F /* Cells */ = {
			isa = PBXGroup;
			children = (
				4DE6070B28FAB8ED00D2F29D /* Balances */,
				4DE6070D28FAB97F00D2F29D /* Converter */,
				4D6E788D28FD633900F11C6A /* Submit */,
			);
			path = Cells;
			sourceTree = "<group>";
		};
		4DE606EA28FA33EA00D2F29D /* Helpers */ = {
			isa = PBXGroup;
			children = (
				4DE606EB28FA33FC00D2F29D /* ReusableView.swift */,
				4D73797328F80D6000DBDE7F /* UIViewController+NavigationBarCustomization.swift */,
			);
			path = Helpers;
			sourceTree = "<group>";
		};
		4DE606ED28FA43EB00D2F29D /* Currency Converter */ = {
			isa = PBXGroup;
			children = (
				4D680F9828FF62FE00674195 /* ConverterProtocol */,
				4D73797528F829B000DBDE7F /* Cells */,
				4D73797128F7E21800DBDE7F /* CurrencyConverterViewController.swift */,
				4DE606FA28FA657900D2F29D /* CurrencyConverterViewModel.swift */,
				4DE6072128FC14E200D2F29D /* CurrencyFormatter.swift */,
				4D15FBE028FEC79E00479EAB /* CommissionCalculator.swift */,
				4D680F9228FECC8E00674195 /* FixedFiveCommission.swift */,
			);
			path = "Currency Converter";
			sourceTree = "<group>";
		};
		4DE606EE28FA440500D2F29D /* App */ = {
			isa = PBXGroup;
			children = (
				4D73794128F7E1AF00DBDE7F /* AppDelegate.swift */,
				4D73794328F7E1AF00DBDE7F /* SceneDelegate.swift */,
				4D73794A28F7E1B000DBDE7F /* Assets.xcassets */,
				4D73794C28F7E1B000DBDE7F /* LaunchScreen.storyboard */,
			);
			path = App;
			sourceTree = "<group>";
		};
		4DE606F128FA4C5700D2F29D /* User Account */ = {
			isa = PBXGroup;
			children = (
				4DE606F228FA4C6700D2F29D /* UserAccount.swift */,
				4D680F9628FF521F00674195 /* UserAccountError.swift */,
				4DE606F428FA4C9000D2F29D /* Currency.swift */,
			);
			path = "User Account";
			sourceTree = "<group>";
		};
		4DE606FC28FA777400D2F29D /* User Account */ = {
			isa = PBXGroup;
			children = (
				4DE606EF28FA49D200D2F29D /* UserAccountTests.swift */,
			);
			path = "User Account";
			sourceTree = "<group>";
		};
		4DE606FD28FA778700D2F29D /* Currency Converter */ = {
			isa = PBXGroup;
			children = (
				4DE6070228FA977E00D2F29D /* Cells */,
				4DE606FE28FA77D500D2F29D /* CurrencyConverterViewControllerTests.swift */,
				4DE606F828FA64AB00D2F29D /* CurrencyConverterViewModelTests.swift */,
				4DE6071F28FC0E7000D2F29D /* CurrencyFormatterTests.swift */,
				4D680F9428FECD1200674195 /* FixedAfterFiveCommissionTests.swift */,
			);
			path = "Currency Converter";
			sourceTree = "<group>";
		};
		4DE6070228FA977E00D2F29D /* Cells */ = {
			isa = PBXGroup;
			children = (
				4DE6070C28FAB90A00D2F29D /* Balances */,
				4DE6071228FABF7500D2F29D /* Converter */,
				4D6E788E28FD634A00F11C6A /* Submit */,
			);
			path = Cells;
			sourceTree = "<group>";
		};
		4DE6070828FA98F400D2F29D /* Helpers */ = {
			isa = PBXGroup;
			children = (
				4DE6070928FA990F00D2F29D /* UserAccount.swift */,
			);
			path = Helpers;
			sourceTree = "<group>";
		};
		4DE6070B28FAB8ED00D2F29D /* Balances */ = {
			isa = PBXGroup;
			children = (
				4D73797828F82BB100DBDE7F /* BalancesCell.swift */,
				4DE6070328FA979A00D2F29D /* BalancesCellViewModel.swift */,
				4D73799428F9883800DBDE7F /* CurrencyBalanceCell.swift */,
			);
			path = Balances;
			sourceTree = "<group>";
		};
		4DE6070C28FAB90A00D2F29D /* Balances */ = {
			isa = PBXGroup;
			children = (
				4DE6070628FA97C500D2F29D /* BalancesCellViewModelTests.swift */,
			);
			path = Balances;
			sourceTree = "<group>";
		};
		4DE6070D28FAB97F00D2F29D /* Converter */ = {
			isa = PBXGroup;
			children = (
				4D6E788828FD576100F11C6A /* InputTextValidator */,
				4DE6072328FCC03500D2F29D /* SourceCell */,
				4DE6071028FAB9D200D2F29D /* DestinationCell.swift */,
				4DE6071928FB606300D2F29D /* DestinationCell.xib */,
				4DE6071D28FBFAB000D2F29D /* DestinationCellViewModel.swift */,
			);
			path = Converter;
			sourceTree = "<group>";
		};
		4DE6071228FABF7500D2F29D /* Converter */ = {
			isa = PBXGroup;
			children = (
				4DE6072428FCC04C00D2F29D /* SourceCell */,
			);
			path = Converter;
			sourceTree = "<group>";
		};
		4DE6072328FCC03500D2F29D /* SourceCell */ = {
			isa = PBXGroup;
			children = (
				4DE6070E28FAB9B100D2F29D /* SourceCell.swift */,
				4DE6071728FB5F6F00D2F29D /* SourceCell.xib */,
				4DE6071528FABFCF00D2F29D /* SourceCellViewModel.swift */,
			);
			path = SourceCell;
			sourceTree = "<group>";
		};
		4DE6072428FCC04C00D2F29D /* SourceCell */ = {
			isa = PBXGroup;
			children = (
				4DE6071328FABF8D00D2F29D /* SourceCellViewModelTests.swift */,
				4DE6072528FCC0E100D2F29D /* InputAmountValidatorTests.swift */,
			);
			path = SourceCell;
			sourceTree = "<group>";
		};
		E7921343B0B8CF72D357A2EC /* Frameworks */ = {
			isa = PBXGroup;
			children = (
				6049AAB556884E702F9AF62C /* Pods_Currency_Exchange.framework */,
				CFCBFAD2BAB7B2DF0CC9EFD1 /* Pods_Currency_ExchangeTests.framework */,
			);
			name = Frameworks;
			sourceTree = "<group>";
		};
/* End PBXGroup section */

/* Begin PBXNativeTarget section */
		4D73793D28F7E1AF00DBDE7F /* Currency Exchange */ = {
			isa = PBXNativeTarget;
			buildConfigurationList = 4D73796828F7E1B000DBDE7F /* Build configuration list for PBXNativeTarget "Currency Exchange" */;
			buildPhases = (
				03DEBAA498A946325785E5D6 /* [CP] Check Pods Manifest.lock */,
				4DE606F728FA512600D2F29D /* ShellScript */,
				4D73793A28F7E1AF00DBDE7F /* Sources */,
				4D73793B28F7E1AF00DBDE7F /* Frameworks */,
				4D73793C28F7E1AF00DBDE7F /* Resources */,
				74DEB167781B544936C3E88D /* [CP] Embed Pods Frameworks */,
			);
			buildRules = (
			);
			dependencies = (
			);
			name = "Currency Exchange";
			productName = "Currency Exchange";
			productReference = 4D73793E28F7E1AF00DBDE7F /* Currency Exchange.app */;
			productType = "com.apple.product-type.application";
		};
		4D73795328F7E1B000DBDE7F /* Currency ExchangeTests */ = {
			isa = PBXNativeTarget;
			buildConfigurationList = 4D73796B28F7E1B000DBDE7F /* Build configuration list for PBXNativeTarget "Currency ExchangeTests" */;
			buildPhases = (
				7A1E5C047BF79A5BAAE1E395 /* [CP] Check Pods Manifest.lock */,
				4D73795028F7E1B000DBDE7F /* Sources */,
				4D73795128F7E1B000DBDE7F /* Frameworks */,
				4D73795228F7E1B000DBDE7F /* Resources */,
			);
			buildRules = (
			);
			dependencies = (
				4D73795628F7E1B000DBDE7F /* PBXTargetDependency */,
			);
			name = "Currency ExchangeTests";
			productName = "Currency ExchangeTests";
			productReference = 4D73795428F7E1B000DBDE7F /* Currency ExchangeTests.xctest */;
			productType = "com.apple.product-type.bundle.unit-test";
		};
/* End PBXNativeTarget section */

/* Begin PBXProject section */
		4D73793628F7E1AF00DBDE7F /* Project object */ = {
			isa = PBXProject;
			attributes = {
				BuildIndependentTargetsInParallel = 1;
				LastSwiftUpdateCheck = 1400;
				LastUpgradeCheck = 1400;
				TargetAttributes = {
					4D73793D28F7E1AF00DBDE7F = {
						CreatedOnToolsVersion = 14.0.1;
					};
					4D73795328F7E1B000DBDE7F = {
						CreatedOnToolsVersion = 14.0.1;
						TestTargetID = 4D73793D28F7E1AF00DBDE7F;
					};
				};
			};
			buildConfigurationList = 4D73793928F7E1AF00DBDE7F /* Build configuration list for PBXProject "Currency Exchange" */;
			compatibilityVersion = "Xcode 14.0";
			developmentRegion = en;
			hasScannedForEncodings = 0;
			knownRegions = (
				en,
				Base,
			);
			mainGroup = 4D73793528F7E1AF00DBDE7F;
			productRefGroup = 4D73793F28F7E1AF00DBDE7F /* Products */;
			projectDirPath = "";
			projectRoot = "";
			targets = (
				4D73793D28F7E1AF00DBDE7F /* Currency Exchange */,
				4D73795328F7E1B000DBDE7F /* Currency ExchangeTests */,
			);
		};
/* End PBXProject section */

/* Begin PBXResourcesBuildPhase section */
		4D73793C28F7E1AF00DBDE7F /* Resources */ = {
			isa = PBXResourcesBuildPhase;
			buildActionMask = 2147483647;
			files = (
				4DE6071828FB5F6F00D2F29D /* SourceCell.xib in Resources */,
				4D73794E28F7E1B000DBDE7F /* LaunchScreen.storyboard in Resources */,
				4D73794B28F7E1B000DBDE7F /* Assets.xcassets in Resources */,
				4DE6071C28FB61E900D2F29D /* ButtonCell.xib in Resources */,
				4DE6071A28FB606300D2F29D /* DestinationCell.xib in Resources */,
			);
			runOnlyForDeploymentPostprocessing = 0;
		};
		4D73795228F7E1B000DBDE7F /* Resources */ = {
			isa = PBXResourcesBuildPhase;
			buildActionMask = 2147483647;
			files = (
			);
			runOnlyForDeploymentPostprocessing = 0;
		};
/* End PBXResourcesBuildPhase section */

/* Begin PBXShellScriptBuildPhase section */
		03DEBAA498A946325785E5D6 /* [CP] Check Pods Manifest.lock */ = {
			isa = PBXShellScriptBuildPhase;
			buildActionMask = 2147483647;
			files = (
			);
			inputFileListPaths = (
			);
			inputPaths = (
				"${PODS_PODFILE_DIR_PATH}/Podfile.lock",
				"${PODS_ROOT}/Manifest.lock",
			);
			name = "[CP] Check Pods Manifest.lock";
			outputFileListPaths = (
			);
			outputPaths = (
				"$(DERIVED_FILE_DIR)/Pods-Currency Exchange-checkManifestLockResult.txt",
			);
			runOnlyForDeploymentPostprocessing = 0;
			shellPath = /bin/sh;
			shellScript = "diff \"${PODS_PODFILE_DIR_PATH}/Podfile.lock\" \"${PODS_ROOT}/Manifest.lock\" > /dev/null\nif [ $? != 0 ] ; then\n    # print error to STDERR\n    echo \"error: The sandbox is not in sync with the Podfile.lock. Run 'pod install' or update your CocoaPods installation.\" >&2\n    exit 1\nfi\n# This output is used by Xcode 'outputs' to avoid re-running this script phase.\necho \"SUCCESS\" > \"${SCRIPT_OUTPUT_FILE_0}\"\n";
			showEnvVarsInLog = 0;
		};
		4DE606F728FA512600D2F29D /* ShellScript */ = {
			isa = PBXShellScriptBuildPhase;
			alwaysOutOfDate = 1;
			buildActionMask = 2147483647;
			files = (
			);
			inputFileListPaths = (
			);
			inputPaths = (
			);
			outputFileListPaths = (
			);
			outputPaths = (
			);
			runOnlyForDeploymentPostprocessing = 0;
			shellPath = /bin/sh;
			shellScript = "PATH=/opt/homebrew/bin:$PATH\nif [ -f ~/com.raywenderlich.swiftlint.yml ]; then\n  if which swiftlint >/dev/null; then\n    swiftlint --no-cache --config ~/com.raywenderlich.swiftlint.yml\n  fi\nfi\n";
		};
		74DEB167781B544936C3E88D /* [CP] Embed Pods Frameworks */ = {
			isa = PBXShellScriptBuildPhase;
			buildActionMask = 2147483647;
			files = (
			);
			inputFileListPaths = (
				"${PODS_ROOT}/Target Support Files/Pods-Currency Exchange/Pods-Currency Exchange-frameworks-${CONFIGURATION}-input-files.xcfilelist",
			);
			name = "[CP] Embed Pods Frameworks";
			outputFileListPaths = (
				"${PODS_ROOT}/Target Support Files/Pods-Currency Exchange/Pods-Currency Exchange-frameworks-${CONFIGURATION}-output-files.xcfilelist",
			);
			runOnlyForDeploymentPostprocessing = 0;
			shellPath = /bin/sh;
			shellScript = "\"${PODS_ROOT}/Target Support Files/Pods-Currency Exchange/Pods-Currency Exchange-frameworks.sh\"\n";
			showEnvVarsInLog = 0;
		};
		7A1E5C047BF79A5BAAE1E395 /* [CP] Check Pods Manifest.lock */ = {
			isa = PBXShellScriptBuildPhase;
			buildActionMask = 2147483647;
			files = (
			);
			inputFileListPaths = (
			);
			inputPaths = (
				"${PODS_PODFILE_DIR_PATH}/Podfile.lock",
				"${PODS_ROOT}/Manifest.lock",
			);
			name = "[CP] Check Pods Manifest.lock";
			outputFileListPaths = (
			);
			outputPaths = (
				"$(DERIVED_FILE_DIR)/Pods-Currency ExchangeTests-checkManifestLockResult.txt",
			);
			runOnlyForDeploymentPostprocessing = 0;
			shellPath = /bin/sh;
			shellScript = "diff \"${PODS_PODFILE_DIR_PATH}/Podfile.lock\" \"${PODS_ROOT}/Manifest.lock\" > /dev/null\nif [ $? != 0 ] ; then\n    # print error to STDERR\n    echo \"error: The sandbox is not in sync with the Podfile.lock. Run 'pod install' or update your CocoaPods installation.\" >&2\n    exit 1\nfi\n# This output is used by Xcode 'outputs' to avoid re-running this script phase.\necho \"SUCCESS\" > \"${SCRIPT_OUTPUT_FILE_0}\"\n";
			showEnvVarsInLog = 0;
		};
/* End PBXShellScriptBuildPhase section */

/* Begin PBXSourcesBuildPhase section */
		4D73793A28F7E1AF00DBDE7F /* Sources */ = {
			isa = PBXSourcesBuildPhase;
			buildActionMask = 2147483647;
			files = (
				4D6E788C28FD57A500F11C6A /* InputAmountValidator.swift in Sources */,
				4D680F9728FF521F00674195 /* UserAccountError.swift in Sources */,
				4D6E788A28FD578700F11C6A /* InputTextValidator.swift in Sources */,
				4D73797228F7E21800DBDE7F /* CurrencyConverterViewController.swift in Sources */,
				4DE6071628FABFCF00D2F29D /* SourceCellViewModel.swift in Sources */,
				4D73799528F9883800DBDE7F /* CurrencyBalanceCell.swift in Sources */,
				4DE606F328FA4C6700D2F29D /* UserAccount.swift in Sources */,
				4DE6071128FAB9D200D2F29D /* DestinationCell.swift in Sources */,
				4D73794228F7E1AF00DBDE7F /* AppDelegate.swift in Sources */,
				4D6E789028FD636100F11C6A /* ButtonCellViewModel.swift in Sources */,
				4DE606EC28FA33FC00D2F29D /* ReusableView.swift in Sources */,
				4DE6071E28FBFAB000D2F29D /* DestinationCellViewModel.swift in Sources */,
				4D73797928F82BB100DBDE7F /* BalancesCell.swift in Sources */,
				4DE606F528FA4C9000D2F29D /* Currency.swift in Sources */,
				4D73797428F80D6000DBDE7F /* UIViewController+NavigationBarCustomization.swift in Sources */,
				4DE6070528FA97B600D2F29D /* BalancesCellViewModel.swift in Sources */,
				4D15FBE128FEC79E00479EAB /* CommissionCalculator.swift in Sources */,
				4DE6070F28FAB9B100D2F29D /* SourceCell.swift in Sources */,
				4D73797728F829C800DBDE7F /* ButtonCell.swift in Sources */,
				4DE6072228FC14E200D2F29D /* CurrencyFormatter.swift in Sources */,
				4D73794428F7E1AF00DBDE7F /* SceneDelegate.swift in Sources */,
				4DE606FB28FA657900D2F29D /* CurrencyConverterViewModel.swift in Sources */,
				4D680F9328FECC8E00674195 /* FixedFiveCommission.swift in Sources */,
				4D680F9A28FF638D00674195 /* ConverterProtocol.swift in Sources */,
			);
			runOnlyForDeploymentPostprocessing = 0;
		};
		4D73795028F7E1B000DBDE7F /* Sources */ = {
			isa = PBXSourcesBuildPhase;
			buildActionMask = 2147483647;
			files = (
				4DE606FF28FA77D500D2F29D /* CurrencyConverterViewControllerTests.swift in Sources */,
				4D680F9528FECD1200674195 /* FixedAfterFiveCommissionTests.swift in Sources */,
				4DE6071428FABF8D00D2F29D /* SourceCellViewModelTests.swift in Sources */,
				4D6E789228FD63B600F11C6A /* ButtonCellViewModelTests.swift in Sources */,
				4DE606F928FA64AB00D2F29D /* CurrencyConverterViewModelTests.swift in Sources */,
				4DE6070728FA97C500D2F29D /* BalancesCellViewModelTests.swift in Sources */,
				4DE606F028FA49D200D2F29D /* UserAccountTests.swift in Sources */,
				4DE6070A28FA990F00D2F29D /* UserAccount.swift in Sources */,
				4DE6072028FC0E7000D2F29D /* CurrencyFormatterTests.swift in Sources */,
				4DE6072628FCC0E100D2F29D /* InputAmountValidatorTests.swift in Sources */,
			);
			runOnlyForDeploymentPostprocessing = 0;
		};
/* End PBXSourcesBuildPhase section */

/* Begin PBXTargetDependency section */
		4D73795628F7E1B000DBDE7F /* PBXTargetDependency */ = {
			isa = PBXTargetDependency;
			target = 4D73793D28F7E1AF00DBDE7F /* Currency Exchange */;
			targetProxy = 4D73795528F7E1B000DBDE7F /* PBXContainerItemProxy */;
		};
/* End PBXTargetDependency section */

/* Begin PBXVariantGroup section */
		4D73794C28F7E1B000DBDE7F /* LaunchScreen.storyboard */ = {
			isa = PBXVariantGroup;
			children = (
				4D73794D28F7E1B000DBDE7F /* Base */,
			);
			name = LaunchScreen.storyboard;
			sourceTree = "<group>";
		};
/* End PBXVariantGroup section */

/* Begin XCBuildConfiguration section */
		4D73796628F7E1B000DBDE7F /* Debug */ = {
			isa = XCBuildConfiguration;
			buildSettings = {
				ALWAYS_SEARCH_USER_PATHS = NO;
				CLANG_ANALYZER_NONNULL = YES;
				CLANG_ANALYZER_NUMBER_OBJECT_CONVERSION = YES_AGGRESSIVE;
				CLANG_CXX_LANGUAGE_STANDARD = "gnu++20";
				CLANG_ENABLE_MODULES = YES;
				CLANG_ENABLE_OBJC_ARC = YES;
				CLANG_ENABLE_OBJC_WEAK = YES;
				CLANG_WARN_BLOCK_CAPTURE_AUTORELEASING = YES;
				CLANG_WARN_BOOL_CONVERSION = YES;
				CLANG_WARN_COMMA = YES;
				CLANG_WARN_CONSTANT_CONVERSION = YES;
				CLANG_WARN_DEPRECATED_OBJC_IMPLEMENTATIONS = YES;
				CLANG_WARN_DIRECT_OBJC_ISA_USAGE = YES_ERROR;
				CLANG_WARN_DOCUMENTATION_COMMENTS = YES;
				CLANG_WARN_EMPTY_BODY = YES;
				CLANG_WARN_ENUM_CONVERSION = YES;
				CLANG_WARN_INFINITE_RECURSION = YES;
				CLANG_WARN_INT_CONVERSION = YES;
				CLANG_WARN_NON_LITERAL_NULL_CONVERSION = YES;
				CLANG_WARN_OBJC_IMPLICIT_RETAIN_SELF = YES;
				CLANG_WARN_OBJC_LITERAL_CONVERSION = YES;
				CLANG_WARN_OBJC_ROOT_CLASS = YES_ERROR;
				CLANG_WARN_QUOTED_INCLUDE_IN_FRAMEWORK_HEADER = YES;
				CLANG_WARN_RANGE_LOOP_ANALYSIS = YES;
				CLANG_WARN_STRICT_PROTOTYPES = YES;
				CLANG_WARN_SUSPICIOUS_MOVE = YES;
				CLANG_WARN_UNGUARDED_AVAILABILITY = YES_AGGRESSIVE;
				CLANG_WARN_UNREACHABLE_CODE = YES;
				CLANG_WARN__DUPLICATE_METHOD_MATCH = YES;
				COPY_PHASE_STRIP = NO;
				DEBUG_INFORMATION_FORMAT = dwarf;
				ENABLE_STRICT_OBJC_MSGSEND = YES;
				ENABLE_TESTABILITY = YES;
				GCC_C_LANGUAGE_STANDARD = gnu11;
				GCC_DYNAMIC_NO_PIC = NO;
				GCC_NO_COMMON_BLOCKS = YES;
				GCC_OPTIMIZATION_LEVEL = 0;
				GCC_PREPROCESSOR_DEFINITIONS = (
					"DEBUG=1",
					"$(inherited)",
				);
				GCC_WARN_64_TO_32_BIT_CONVERSION = YES;
				GCC_WARN_ABOUT_RETURN_TYPE = YES_ERROR;
				GCC_WARN_UNDECLARED_SELECTOR = YES;
				GCC_WARN_UNINITIALIZED_AUTOS = YES_AGGRESSIVE;
				GCC_WARN_UNUSED_FUNCTION = YES;
				GCC_WARN_UNUSED_VARIABLE = YES;
				IPHONEOS_DEPLOYMENT_TARGET = 15.0;
				MTL_ENABLE_DEBUG_INFO = INCLUDE_SOURCE;
				MTL_FAST_MATH = YES;
				ONLY_ACTIVE_ARCH = YES;
				SDKROOT = iphoneos;
				SWIFT_ACTIVE_COMPILATION_CONDITIONS = DEBUG;
				SWIFT_OPTIMIZATION_LEVEL = "-Onone";
			};
			name = Debug;
		};
		4D73796728F7E1B000DBDE7F /* Release */ = {
			isa = XCBuildConfiguration;
			buildSettings = {
				ALWAYS_SEARCH_USER_PATHS = NO;
				CLANG_ANALYZER_NONNULL = YES;
				CLANG_ANALYZER_NUMBER_OBJECT_CONVERSION = YES_AGGRESSIVE;
				CLANG_CXX_LANGUAGE_STANDARD = "gnu++20";
				CLANG_ENABLE_MODULES = YES;
				CLANG_ENABLE_OBJC_ARC = YES;
				CLANG_ENABLE_OBJC_WEAK = YES;
				CLANG_WARN_BLOCK_CAPTURE_AUTORELEASING = YES;
				CLANG_WARN_BOOL_CONVERSION = YES;
				CLANG_WARN_COMMA = YES;
				CLANG_WARN_CONSTANT_CONVERSION = YES;
				CLANG_WARN_DEPRECATED_OBJC_IMPLEMENTATIONS = YES;
				CLANG_WARN_DIRECT_OBJC_ISA_USAGE = YES_ERROR;
				CLANG_WARN_DOCUMENTATION_COMMENTS = YES;
				CLANG_WARN_EMPTY_BODY = YES;
				CLANG_WARN_ENUM_CONVERSION = YES;
				CLANG_WARN_INFINITE_RECURSION = YES;
				CLANG_WARN_INT_CONVERSION = YES;
				CLANG_WARN_NON_LITERAL_NULL_CONVERSION = YES;
				CLANG_WARN_OBJC_IMPLICIT_RETAIN_SELF = YES;
				CLANG_WARN_OBJC_LITERAL_CONVERSION = YES;
				CLANG_WARN_OBJC_ROOT_CLASS = YES_ERROR;
				CLANG_WARN_QUOTED_INCLUDE_IN_FRAMEWORK_HEADER = YES;
				CLANG_WARN_RANGE_LOOP_ANALYSIS = YES;
				CLANG_WARN_STRICT_PROTOTYPES = YES;
				CLANG_WARN_SUSPICIOUS_MOVE = YES;
				CLANG_WARN_UNGUARDED_AVAILABILITY = YES_AGGRESSIVE;
				CLANG_WARN_UNREACHABLE_CODE = YES;
				CLANG_WARN__DUPLICATE_METHOD_MATCH = YES;
				COPY_PHASE_STRIP = NO;
				DEBUG_INFORMATION_FORMAT = "dwarf-with-dsym";
				ENABLE_NS_ASSERTIONS = NO;
				ENABLE_STRICT_OBJC_MSGSEND = YES;
				GCC_C_LANGUAGE_STANDARD = gnu11;
				GCC_NO_COMMON_BLOCKS = YES;
				GCC_WARN_64_TO_32_BIT_CONVERSION = YES;
				GCC_WARN_ABOUT_RETURN_TYPE = YES_ERROR;
				GCC_WARN_UNDECLARED_SELECTOR = YES;
				GCC_WARN_UNINITIALIZED_AUTOS = YES_AGGRESSIVE;
				GCC_WARN_UNUSED_FUNCTION = YES;
				GCC_WARN_UNUSED_VARIABLE = YES;
				IPHONEOS_DEPLOYMENT_TARGET = 15.0;
				MTL_ENABLE_DEBUG_INFO = NO;
				MTL_FAST_MATH = YES;
				SDKROOT = iphoneos;
				SWIFT_COMPILATION_MODE = wholemodule;
				SWIFT_OPTIMIZATION_LEVEL = "-O";
				VALIDATE_PRODUCT = YES;
			};
			name = Release;
		};
		4D73796928F7E1B000DBDE7F /* Debug */ = {
			isa = XCBuildConfiguration;
			baseConfigurationReference = D9BCC62204796E6C732EB117 /* Pods-Currency Exchange.debug.xcconfig */;
			buildSettings = {
				ASSETCATALOG_COMPILER_APPICON_NAME = AppIcon;
				ASSETCATALOG_COMPILER_GLOBAL_ACCENT_COLOR_NAME = AccentColor;
				CODE_SIGN_STYLE = Automatic;
				CURRENT_PROJECT_VERSION = 1;
				DEVELOPMENT_TEAM = CZHT3BTCGY;
				GENERATE_INFOPLIST_FILE = YES;
				INFOPLIST_FILE = "Currency Exchange/Info.plist";
				INFOPLIST_KEY_UIApplicationSupportsIndirectInputEvents = YES;
				INFOPLIST_KEY_UILaunchStoryboardName = LaunchScreen;
				INFOPLIST_KEY_UIMainStoryboardFile = "";
				INFOPLIST_KEY_UIRequiresFullScreen = YES;
				INFOPLIST_KEY_UIStatusBarStyle = UIStatusBarStyleLightContent;
				INFOPLIST_KEY_UISupportedInterfaceOrientations = UIInterfaceOrientationPortrait;
				IPHONEOS_DEPLOYMENT_TARGET = 15.0;
				LD_RUNPATH_SEARCH_PATHS = (
					"$(inherited)",
					"@executable_path/Frameworks",
				);
				MARKETING_VERSION = 1.0;
				PRODUCT_BUNDLE_IDENTIFIER = "org.gdelgado.Currency-Exchange";
				PRODUCT_NAME = "$(TARGET_NAME)";
				SWIFT_EMIT_LOC_STRINGS = YES;
				SWIFT_VERSION = 5.0;
				TARGETED_DEVICE_FAMILY = "1,2";
			};
			name = Debug;
		};
		4D73796A28F7E1B000DBDE7F /* Release */ = {
			isa = XCBuildConfiguration;
			baseConfigurationReference = 952325AB177D9BB683F991B2 /* Pods-Currency Exchange.release.xcconfig */;
			buildSettings = {
				ASSETCATALOG_COMPILER_APPICON_NAME = AppIcon;
				ASSETCATALOG_COMPILER_GLOBAL_ACCENT_COLOR_NAME = AccentColor;
				CODE_SIGN_STYLE = Automatic;
				CURRENT_PROJECT_VERSION = 1;
				DEVELOPMENT_TEAM = CZHT3BTCGY;
				GENERATE_INFOPLIST_FILE = YES;
				INFOPLIST_FILE = "Currency Exchange/Info.plist";
				INFOPLIST_KEY_UIApplicationSupportsIndirectInputEvents = YES;
				INFOPLIST_KEY_UILaunchStoryboardName = LaunchScreen;
				INFOPLIST_KEY_UIMainStoryboardFile = "";
				INFOPLIST_KEY_UIRequiresFullScreen = YES;
				INFOPLIST_KEY_UIStatusBarStyle = UIStatusBarStyleLightContent;
				INFOPLIST_KEY_UISupportedInterfaceOrientations = UIInterfaceOrientationPortrait;
				IPHONEOS_DEPLOYMENT_TARGET = 15.0;
				LD_RUNPATH_SEARCH_PATHS = (
					"$(inherited)",
					"@executable_path/Frameworks",
				);
				MARKETING_VERSION = 1.0;
				PRODUCT_BUNDLE_IDENTIFIER = "org.gdelgado.Currency-Exchange";
				PRODUCT_NAME = "$(TARGET_NAME)";
				SWIFT_EMIT_LOC_STRINGS = YES;
				SWIFT_VERSION = 5.0;
				TARGETED_DEVICE_FAMILY = "1,2";
			};
			name = Release;
		};
		4D73796C28F7E1B000DBDE7F /* Debug */ = {
			isa = XCBuildConfiguration;
			baseConfigurationReference = 32E9282CC4E59DB60F94CF31 /* Pods-Currency ExchangeTests.debug.xcconfig */;
			buildSettings = {
				ALWAYS_EMBED_SWIFT_STANDARD_LIBRARIES = YES;
				BUNDLE_LOADER = "$(TEST_HOST)";
				CODE_SIGN_STYLE = Automatic;
				CURRENT_PROJECT_VERSION = 1;
				DEVELOPMENT_TEAM = CZHT3BTCGY;
				GENERATE_INFOPLIST_FILE = YES;
				IPHONEOS_DEPLOYMENT_TARGET = 15.0;
				MARKETING_VERSION = 1.0;
				PRODUCT_BUNDLE_IDENTIFIER = "org.gdelgado.Currency-ExchangeTests";
				PRODUCT_NAME = "$(TARGET_NAME)";
				SWIFT_EMIT_LOC_STRINGS = NO;
				SWIFT_VERSION = 5.0;
				TARGETED_DEVICE_FAMILY = "1,2";
				TEST_HOST = "$(BUILT_PRODUCTS_DIR)/Currency Exchange.app/$(BUNDLE_EXECUTABLE_FOLDER_PATH)/Currency Exchange";
			};
			name = Debug;
		};
		4D73796D28F7E1B000DBDE7F /* Release */ = {
			isa = XCBuildConfiguration;
			baseConfigurationReference = 45EE31ABE4C717E37192DD87 /* Pods-Currency ExchangeTests.release.xcconfig */;
			buildSettings = {
				ALWAYS_EMBED_SWIFT_STANDARD_LIBRARIES = YES;
				BUNDLE_LOADER = "$(TEST_HOST)";
				CODE_SIGN_STYLE = Automatic;
				CURRENT_PROJECT_VERSION = 1;
				DEVELOPMENT_TEAM = CZHT3BTCGY;
				GENERATE_INFOPLIST_FILE = YES;
				IPHONEOS_DEPLOYMENT_TARGET = 15.0;
				MARKETING_VERSION = 1.0;
				PRODUCT_BUNDLE_IDENTIFIER = "org.gdelgado.Currency-ExchangeTests";
				PRODUCT_NAME = "$(TARGET_NAME)";
				SWIFT_EMIT_LOC_STRINGS = NO;
				SWIFT_VERSION = 5.0;
				TARGETED_DEVICE_FAMILY = "1,2";
				TEST_HOST = "$(BUILT_PRODUCTS_DIR)/Currency Exchange.app/$(BUNDLE_EXECUTABLE_FOLDER_PATH)/Currency Exchange";
			};
			name = Release;
		};
/* End XCBuildConfiguration section */

/* Begin XCConfigurationList section */
		4D73793928F7E1AF00DBDE7F /* Build configuration list for PBXProject "Currency Exchange" */ = {
			isa = XCConfigurationList;
			buildConfigurations = (
				4D73796628F7E1B000DBDE7F /* Debug */,
				4D73796728F7E1B000DBDE7F /* Release */,
			);
			defaultConfigurationIsVisible = 0;
			defaultConfigurationName = Release;
		};
		4D73796828F7E1B000DBDE7F /* Build configuration list for PBXNativeTarget "Currency Exchange" */ = {
			isa = XCConfigurationList;
			buildConfigurations = (
				4D73796928F7E1B000DBDE7F /* Debug */,
				4D73796A28F7E1B000DBDE7F /* Release */,
			);
			defaultConfigurationIsVisible = 0;
			defaultConfigurationName = Release;
		};
		4D73796B28F7E1B000DBDE7F /* Build configuration list for PBXNativeTarget "Currency ExchangeTests" */ = {
			isa = XCConfigurationList;
			buildConfigurations = (
				4D73796C28F7E1B000DBDE7F /* Debug */,
				4D73796D28F7E1B000DBDE7F /* Release */,
			);
			defaultConfigurationIsVisible = 0;
			defaultConfigurationName = Release;
		};
/* End XCConfigurationList section */
	};
	rootObject = 4D73793628F7E1AF00DBDE7F /* Project object */;
}
